<?xml version="1.0" encoding="utf-8"?>
<Project ToolsVersion="4.0" xmlns="http://schemas.microsoft.com/developer/msbuild/2003">
  <ItemGroup>
    <Filter Include="源文件">
      <UniqueIdentifier>{4FC737F1-C7A5-4376-A066-2A32D752A2FF}</UniqueIdentifier>
      <Extensions>cpp;c;cc;cxx;def;odl;idl;hpj;bat;asm;asmx</Extensions>
    </Filter>
    <Filter Include="头文件">
      <UniqueIdentifier>{93995380-89BD-4b04-88EB-625FBE52EBFB}</UniqueIdentifier>
      <Extensions>h;hh;hpp;hxx;hm;inl;inc;xsd</Extensions>
    </Filter>
    <Filter Include="资源文件">
      <UniqueIdentifier>{67DA6AB6-F800-4c08-8B7A-83BB121AAD01}</UniqueIdentifier>
      <Extensions>rc;ico;cur;bmp;dlg;rc2;rct;bin;rgs;gif;jpg;jpeg;jpe;resx;tiff;tif;png;wav;mfcribbon-ms</Extensions>
    </Filter>
  </ItemGroup>
  <ItemGroup>
    <Text Include="ReadMe.txt" />
  </ItemGroup>
  <ItemGroup>
    <ClInclude Include="stdafx.h">
      <Filter>头文件</Filter>
    </ClInclude>
    <ClInclude Include="targetver.h">
      <Filter>头文件</Filter>
    </ClInclude>
    <ClInclude Include="..\..\..\..\..\..\..\Program Files (x86)\Tesseract-OCR\include\jconfig.h">
      <Filter>头文件</Filter>
    </ClInclude>
    <ClInclude Include="..\..\..\..\..\..\..\Program Files (x86)\Tesseract-OCR\include\jerror.h">
      <Filter>头文件</Filter>
    </ClInclude>
    <ClInclude Include="..\..\..\..\..\..\..\Program Files (x86)\Tesseract-OCR\include\jmorecfg.h">
      <Filter>头文件</Filter>
    </ClInclude>
    <ClInclude Include="..\..\..\..\..\..\..\Program Files (x86)\Tesseract-OCR\include\jpeglib.h">
      <Filter>头文件</Filter>
    </ClInclude>
    <ClInclude Include="..\..\..\..\..\..\..\Program Files (x86)\Tesseract-OCR\include\leptonica\allheaders.h">
      <Filter>头文件</Filter>
    </ClInclude>
    <ClInclude Include="..\..\..\..\..\..\..\Program Files (x86)\Tesseract-OCR\include\leptonica\alltypes.h">
      <Filter>头文件</Filter>
    </ClInclude>
    <ClInclude Include="..\..\..\..\..\..\..\Program Files (x86)\Tesseract-OCR\include\leptonica\array.h">
      <Filter>头文件</Filter>
    </ClInclude>
    <ClInclude Include="..\..\..\..\..\..\..\Program Files (x86)\Tesseract-OCR\include\leptonica\arrayaccess.h">
      <Filter>头文件</Filter>
    </ClInclude>
    <ClInclude Include="..\..\..\..\..\..\..\Program Files (x86)\Tesseract-OCR\include\leptonica\bbuffer.h">
      <Filter>头文件</Filter>
    </ClInclude>
    <ClInclude Include="..\..\..\..\..\..\..\Program Files (x86)\Tesseract-OCR\include\leptonica\bmf.h">
      <Filter>头文件</Filter>
    </ClInclude>
    <ClInclude Include="..\..\..\..\..\..\..\Program Files (x86)\Tesseract-OCR\include\leptonica\bmp.h">
      <Filter>头文件</Filter>
    </ClInclude>
    <ClInclude Include="..\..\..\..\..\..\..\Program Files (x86)\Tesseract-OCR\include\leptonica\ccbord.h">
      <Filter>头文件</Filter>
    </ClInclude>
    <ClInclude Include="..\..\..\..\..\..\..\Program Files (x86)\Tesseract-OCR\include\leptonica\dewarp.h">
      <Filter>头文件</Filter>
    </ClInclude>
    <ClInclude Include="..\..\..\..\..\..\..\Program Files (x86)\Tesseract-OCR\include\leptonica\endianness.h">
      <Filter>头文件</Filter>
    </ClInclude>
    <ClInclude Include="..\..\..\..\..\..\..\Program Files (x86)\Tesseract-OCR\include\leptonica\environ.h">
      <Filter>头文件</Filter>
    </ClInclude>
    <ClInclude Include="..\..\..\..\..\..\..\Program Files (x86)\Tesseract-OCR\include\leptonica\freetype.h">
      <Filter>头文件</Filter>
    </ClInclude>
    <ClInclude Include="..\..\..\..\..\..\..\Program Files (x86)\Tesseract-OCR\include\leptonica\gplot.h">
      <Filter>头文件</Filter>
    </ClInclude>
    <ClInclude Include="..\..\..\..\..\..\..\Program Files (x86)\Tesseract-OCR\include\leptonica\heap.h">
      <Filter>头文件</Filter>
    </ClInclude>
    <ClInclude Include="..\..\..\..\..\..\..\Program Files (x86)\Tesseract-OCR\include\leptonica\imageio.h">
      <Filter>头文件</Filter>
    </ClInclude>
    <ClInclude Include="..\..\..\..\..\..\..\Program Files (x86)\Tesseract-OCR\include\leptonica\jbclass.h">
      <Filter>头文件</Filter>
    </ClInclude>
    <ClInclude Include="..\..\..\..\..\..\..\Program Files (x86)\Tesseract-OCR\include\leptonica\leptprotos.h">
      <Filter>头文件</Filter>
    </ClInclude>
    <ClInclude Include="..\..\..\..\..\..\..\Program Files (x86)\Tesseract-OCR\include\leptonica\leptwin.h">
      <Filter>头文件</Filter>
    </ClInclude>
    <ClInclude Include="..\..\..\..\..\..\..\Program Files (x86)\Tesseract-OCR\include\leptonica\list.h">
      <Filter>头文件</Filter>
    </ClInclude>
    <ClInclude Include="..\..\..\..\..\..\..\Program Files (x86)\Tesseract-OCR\include\leptonica\morph.h">
      <Filter>头文件</Filter>
    </ClInclude>
    <ClInclude Include="..\..\..\..\..\..\..\Program Files (x86)\Tesseract-OCR\include\leptonica\pix.h">
      <Filter>头文件</Filter>
    </ClInclude>
    <ClInclude Include="..\..\..\..\..\..\..\Program Files (x86)\Tesseract-OCR\include\leptonica\ptra.h">
      <Filter>头文件</Filter>
    </ClInclude>
    <ClInclude Include="..\..\..\..\..\..\..\Program Files (x86)\Tesseract-OCR\include\leptonica\queue.h">
      <Filter>头文件</Filter>
    </ClInclude>
    <ClInclude Include="..\..\..\..\..\..\..\Program Files (x86)\Tesseract-OCR\include\leptonica\readbarcode.h">
      <Filter>头文件</Filter>
    </ClInclude>
    <ClInclude Include="..\..\..\..\..\..\..\Program Files (x86)\Tesseract-OCR\include\leptonica\regutils.h">
      <Filter>头文件</Filter>
    </ClInclude>
    <ClInclude Include="..\..\..\..\..\..\..\Program Files (x86)\Tesseract-OCR\include\leptonica\stack.h">
      <Filter>头文件</Filter>
    </ClInclude>
    <ClInclude Include="..\..\..\..\..\..\..\Program Files (x86)\Tesseract-OCR\include\leptonica\sudoku.h">
      <Filter>头文件</Filter>
    </ClInclude>
    <ClInclude Include="..\..\..\..\..\..\..\Program Files (x86)\Tesseract-OCR\include\leptonica\watershed.h">
      <Filter>头文件</Filter>
    </ClInclude>
    <ClInclude Include="..\..\..\..\..\..\..\Program Files (x86)\Tesseract-OCR\include\png.h">
      <Filter>头文件</Filter>
    </ClInclude>
    <ClInclude Include="..\..\..\..\..\..\..\Program Files (x86)\Tesseract-OCR\include\pngconf.h">
      <Filter>头文件</Filter>
    </ClInclude>
    <ClInclude Include="..\..\..\..\..\..\..\Program Files (x86)\Tesseract-OCR\include\tesseract\apitypes.h">
      <Filter>头文件</Filter>
    </ClInclude>
    <ClInclude Include="..\..\..\..\..\..\..\Program Files (x86)\Tesseract-OCR\include\tesseract\baseapi.h">
      <Filter>头文件</Filter>
    </ClInclude>
    <ClInclude Include="..\..\..\..\..\..\..\Program Files (x86)\Tesseract-OCR\include\tesseract\basedir.h">
      <Filter>头文件</Filter>
    </ClInclude>
    <ClInclude Include="..\..\..\..\..\..\..\Program Files (x86)\Tesseract-OCR\include\tesseract\capi.h">
      <Filter>头文件</Filter>
    </ClInclude>
    <ClInclude Include="..\..\..\..\..\..\..\Program Files (x86)\Tesseract-OCR\include\tesseract\errcode.h">
      <Filter>头文件</Filter>
    </ClInclude>
    <ClInclude Include="..\..\..\..\..\..\..\Program Files (x86)\Tesseract-OCR\include\tesseract\fileerr.h">
      <Filter>头文件</Filter>
    </ClInclude>
    <ClInclude Include="..\..\..\..\..\..\..\Program Files (x86)\Tesseract-OCR\include\tesseract\genericvector.h">
      <Filter>头文件</Filter>
    </ClInclude>
    <ClInclude Include="..\..\..\..\..\..\..\Program Files (x86)\Tesseract-OCR\include\tesseract\helpers.h">
      <Filter>头文件</Filter>
    </ClInclude>
    <ClInclude Include="..\..\..\..\..\..\..\Program Files (x86)\Tesseract-OCR\include\tesseract\host.h">
      <Filter>头文件</Filter>
    </ClInclude>
    <ClInclude Include="..\..\..\..\..\..\..\Program Files (x86)\Tesseract-OCR\include\tesseract\ltrresultiterator.h">
      <Filter>头文件</Filter>
    </ClInclude>
    <ClInclude Include="..\..\..\..\..\..\..\Program Files (x86)\Tesseract-OCR\include\tesseract\memry.h">
      <Filter>头文件</Filter>
    </ClInclude>
    <ClInclude Include="..\..\..\..\..\..\..\Program Files (x86)\Tesseract-OCR\include\tesseract\ndminx.h">
      <Filter>头文件</Filter>
    </ClInclude>
    <ClInclude Include="..\..\..\..\..\..\..\Program Files (x86)\Tesseract-OCR\include\tesseract\pageiterator.h">
      <Filter>头文件</Filter>
    </ClInclude>
    <ClInclude Include="..\..\..\..\..\..\..\Program Files (x86)\Tesseract-OCR\include\tesseract\params.h">
      <Filter>头文件</Filter>
    </ClInclude>
    <ClInclude Include="..\..\..\..\..\..\..\Program Files (x86)\Tesseract-OCR\include\tesseract\platform.h">
      <Filter>头文件</Filter>
    </ClInclude>
    <ClInclude Include="..\..\..\..\..\..\..\Program Files (x86)\Tesseract-OCR\include\tesseract\publictypes.h">
      <Filter>头文件</Filter>
    </ClInclude>
    <ClInclude Include="..\..\..\..\..\..\..\Program Files (x86)\Tesseract-OCR\include\tesseract\resultiterator.h">
      <Filter>头文件</Filter>
    </ClInclude>
    <ClInclude Include="..\..\..\..\..\..\..\Program Files (x86)\Tesseract-OCR\include\tesseract\serialis.h">
      <Filter>头文件</Filter>
    </ClInclude>
    <ClInclude Include="..\..\..\..\..\..\..\Program Files (x86)\Tesseract-OCR\include\tesseract\strngs.h">
      <Filter>头文件</Filter>
    </ClInclude>
    <ClInclude Include="..\..\..\..\..\..\..\Program Files (x86)\Tesseract-OCR\include\tesseract\tesscallback.h">
      <Filter>头文件</Filter>
    </ClInclude>
    <ClInclude Include="..\..\..\..\..\..\..\Program Files (x86)\Tesseract-OCR\include\tesseract\thresholder.h">
      <Filter>头文件</Filter>
    </ClInclude>
    <ClInclude Include="..\..\..\..\..\..\..\Program Files (x86)\Tesseract-OCR\include\tesseract\unichar.h">
      <Filter>头文件</Filter>
    </ClInclude>
    <ClInclude Include="..\..\..\..\..\..\..\Program Files (x86)\Tesseract-OCR\include\tesseract\unicharmap.h">
      <Filter>头文件</Filter>
    </ClInclude>
    <ClInclude Include="..\..\..\..\..\..\..\Program Files (x86)\Tesseract-OCR\include\tesseract\unicharset.h">
      <Filter>头文件</Filter>
    </ClInclude>
    <ClInclude Include="..\..\..\..\..\..\..\Program Files (x86)\Tesseract-OCR\include\tiff.h">
      <Filter>头文件</Filter>
    </ClInclude>
    <ClInclude Include="..\..\..\..\..\..\..\Program Files (x86)\Tesseract-OCR\include\tiffconf.h">
      <Filter>头文件</Filter>
    </ClInclude>
    <ClInclude Include="..\..\..\..\..\..\..\Program Files (x86)\Tesseract-OCR\include\tiffio.h">
      <Filter>头文件</Filter>
    </ClInclude>
    <ClInclude Include="..\..\..\..\..\..\..\Program Files (x86)\Tesseract-OCR\include\tiffvers.h">
      <Filter>头文件</Filter>
    </ClInclude>
    <ClInclude Include="..\..\..\..\..\..\..\Program Files (x86)\Tesseract-OCR\include\tif_config.h">
      <Filter>头文件</Filter>
    </ClInclude>
    <ClInclude Include="..\..\..\..\..\..\..\Program Files (x86)\Tesseract-OCR\include\zconf.h">
      <Filter>头文件</Filter>
    </ClInclude>
    <ClInclude Include="..\..\..\..\..\..\..\Program Files (x86)\Tesseract-OCR\include\zlib.h">
      <Filter>头文件</Filter>
    </ClInclude>
  </ItemGroup>
  <ItemGroup>
    <ClCompile Include="stdafx.cpp">
      <Filter>源文件</Filter>
    </ClCompile>
    <ClCompile Include="OpencvTest.cpp">
      <Filter>源文件</Filter>
    </ClCompile>
  </ItemGroup>
</Project>